// !$*UTF8*$!
{
	archiveVersion = 1;
	classes = {
	};
	objectVersion = 46;
	objects = {

/* Begin PBXBuildFile section */
		491B937024EDE1390078A2B9 /* LuaEngine.h in Headers */ = {isa = PBXBuildFile; fileRef = 491B936E24EDE1390078A2B9 /* LuaEngine.h */; };
		499403B424FD64E6005527CF /* lcode.c in Sources */ = {isa = PBXBuildFile; fileRef = 4994037624FD64E2005527CF /* lcode.c */; };
		499403B724FD64E6005527CF /* llex.c in Sources */ = {isa = PBXBuildFile; fileRef = 4994037924FD64E2005527CF /* llex.c */; };
		499403B824FD64E6005527CF /* lopcodes.c in Sources */ = {isa = PBXBuildFile; fileRef = 4994037A24FD64E2005527CF /* lopcodes.c */; };
		499403B924FD64E6005527CF /* lstate.c in Sources */ = {isa = PBXBuildFile; fileRef = 4994037B24FD64E2005527CF /* lstate.c */; };
		499403BA24FD64E6005527CF /* ldebug.c in Sources */ = {isa = PBXBuildFile; fileRef = 4994037C24FD64E2005527CF /* ldebug.c */; };
		499403BB24FD64E6005527CF /* lstrlib.c in Sources */ = {isa = PBXBuildFile; fileRef = 4994037D24FD64E2005527CF /* lstrlib.c */; };
		499403BC24FD64E6005527CF /* linit.c in Sources */ = {isa = PBXBuildFile; fileRef = 4994037E24FD64E2005527CF /* linit.c */; };
		499403BE24FD64E6005527CF /* lcorolib.c in Sources */ = {isa = PBXBuildFile; fileRef = 4994038024FD64E3005527CF /* lcorolib.c */; };
		499403C424FD64E6005527CF /* lapi.c in Sources */ = {isa = PBXBuildFile; fileRef = 4994038624FD64E3005527CF /* lapi.c */; };
		499403C724FD64E6005527CF /* ltm.c in Sources */ = {isa = PBXBuildFile; fileRef = 4994038924FD64E3005527CF /* ltm.c */; };
		499403C824FD64E6005527CF /* lvm.c in Sources */ = {isa = PBXBuildFile; fileRef = 4994038A24FD64E3005527CF /* lvm.c */; };
		499403C924FD64E6005527CF /* lobject.c in Sources */ = {isa = PBXBuildFile; fileRef = 4994038B24FD64E3005527CF /* lobject.c */; };
		499403CD24FD64E6005527CF /* ltablib.c in Sources */ = {isa = PBXBuildFile; fileRef = 4994038F24FD64E3005527CF /* ltablib.c */; };
		499403CE24FD64E6005527CF /* lparser.c in Sources */ = {isa = PBXBuildFile; fileRef = 4994039024FD64E3005527CF /* lparser.c */; };
		499403CF24FD64E6005527CF /* lutf8lib.c in Sources */ = {isa = PBXBuildFile; fileRef = 4994039124FD64E3005527CF /* lutf8lib.c */; };
		499403D024FD64E6005527CF /* lmem.c in Sources */ = {isa = PBXBuildFile; fileRef = 4994039224FD64E4005527CF /* lmem.c */; };
		499403D124FD64E6005527CF /* lzio.c in Sources */ = {isa = PBXBuildFile; fileRef = 4994039324FD64E4005527CF /* lzio.c */; };
		499403D624FD64E6005527CF /* liolib.c in Sources */ = {isa = PBXBuildFile; fileRef = 4994039824FD64E4005527CF /* liolib.c */; };
		499403D724FD64E6005527CF /* lbaselib.c in Sources */ = {isa = PBXBuildFile; fileRef = 4994039924FD64E4005527CF /* lbaselib.c */; };
		499403DB24FD64E6005527CF /* loslib.c in Sources */ = {isa = PBXBuildFile; fileRef = 4994039D24FD64E4005527CF /* loslib.c */; };
		499403DC24FD64E6005527CF /* loadlib.c in Sources */ = {isa = PBXBuildFile; fileRef = 4994039E24FD64E4005527CF /* loadlib.c */; };
		499403DD24FD64E6005527CF /* lauxlib.c in Sources */ = {isa = PBXBuildFile; fileRef = 4994039F24FD64E5005527CF /* lauxlib.c */; };
		499403DF24FD64E6005527CF /* lgc.c in Sources */ = {isa = PBXBuildFile; fileRef = 499403A124FD64E5005527CF /* lgc.c */; };
		499403E124FD64E6005527CF /* lstring.c in Sources */ = {isa = PBXBuildFile; fileRef = 499403A324FD64E5005527CF /* lstring.c */; };
		499403E324FD64E6005527CF /* lctype.c in Sources */ = {isa = PBXBuildFile; fileRef = 499403A524FD64E5005527CF /* lctype.c */; };
		499403E424FD64E6005527CF /* lundump.c in Sources */ = {isa = PBXBuildFile; fileRef = 499403A624FD64E5005527CF /* lundump.c */; };
		499403E524FD64E6005527CF /* ldump.c in Sources */ = {isa = PBXBuildFile; fileRef = 499403A724FD64E5005527CF /* ldump.c */; };
		499403E624FD64E6005527CF /* lfunc.c in Sources */ = {isa = PBXBuildFile; fileRef = 499403A824FD64E5005527CF /* lfunc.c */; };
		499403E724FD64E6005527CF /* lmathlib.c in Sources */ = {isa = PBXBuildFile; fileRef = 499403A924FD64E5005527CF /* lmathlib.c */; };
		499403E924FD64E6005527CF /* ltable.c in Sources */ = {isa = PBXBuildFile; fileRef = 499403AB24FD64E6005527CF /* ltable.c */; };
		499403EC24FD64E6005527CF /* ldblib.c in Sources */ = {isa = PBXBuildFile; fileRef = 499403AE24FD64E6005527CF /* ldblib.c */; };
		499403ED24FD64E6005527CF /* ldo.c in Sources */ = {isa = PBXBuildFile; fileRef = 499403AF24FD64E6005527CF /* ldo.c */; };
		499403F124FD65EB005527CF /* LuaEngine.cpp in Sources */ = {isa = PBXBuildFile; fileRef = 491B936D24EDE1390078A2B9 /* LuaEngine.cpp */; };
		4994040C24FD71FD005527CF /* main.cpp in Sources */ = {isa = PBXBuildFile; fileRef = 4994040B24FD71FD005527CF /* main.cpp */; };
		4994041124FD7311005527CF /* liblua.a in Frameworks */ = {isa = PBXBuildFile; fileRef = 49F2475924D45F1100D977D2 /* liblua.a */; };
		4994041224FD7316005527CF /* liblibm8r.a in Frameworks */ = {isa = PBXBuildFile; fileRef = 499403F824FD6632005527CF /* liblibm8r.a */; };
/* End PBXBuildFile section */

/* Begin PBXContainerItemProxy section */
		499403F724FD6632005527CF /* PBXContainerItemProxy */ = {
			isa = PBXContainerItemProxy;
			containerPortal = 499403F224FD6632005527CF /* libm8r.xcodeproj */;
			proxyType = 2;
			remoteGlobalIDString = 494D254E1D2E9055003755DB;
			remoteInfo = libm8r;
		};
		499403F924FD6632005527CF /* PBXContainerItemProxy */ = {
			isa = PBXContainerItemProxy;
			containerPortal = 499403F224FD6632005527CF /* libm8r.xcodeproj */;
			proxyType = 2;
			remoteGlobalIDString = 49FAB98424FA991700E71C93;
			remoteInfo = test;
		};
		499403FB24FD6687005527CF /* PBXContainerItemProxy */ = {
			isa = PBXContainerItemProxy;
			containerPortal = 499403F224FD6632005527CF /* libm8r.xcodeproj */;
			proxyType = 1;
			remoteGlobalIDString = 494D254D1D2E9055003755DB;
			remoteInfo = libm8r;
		};
		4994040D24FD7304005527CF /* PBXContainerItemProxy */ = {
			isa = PBXContainerItemProxy;
			containerPortal = 49E647E01D00B68F005F5059 /* Project object */;
			proxyType = 1;
			remoteGlobalIDString = 49F2475824D45F1100D977D2;
			remoteInfo = lua;
		};
		4994040F24FD7309005527CF /* PBXContainerItemProxy */ = {
			isa = PBXContainerItemProxy;
			containerPortal = 499403F224FD6632005527CF /* libm8r.xcodeproj */;
			proxyType = 1;
			remoteGlobalIDString = 494D254D1D2E9055003755DB;
			remoteInfo = libm8r;
		};
/* End PBXContainerItemProxy section */

/* Begin PBXCopyFilesBuildPhase section */
		4994040124FD719C005527CF /* CopyFiles */ = {
			isa = PBXCopyFilesBuildPhase;
			buildActionMask = 2147483647;
			dstPath = /usr/share/man/man1/;
			dstSubfolderSpec = 0;
			files = (
			);
			runOnlyForDeploymentPostprocessing = 1;
		};
/* End PBXCopyFilesBuildPhase section */

/* Begin PBXFileReference section */
		491B936D24EDE1390078A2B9 /* LuaEngine.cpp */ = {isa = PBXFileReference; fileEncoding = 4; lastKnownFileType = sourcecode.cpp.cpp; name = LuaEngine.cpp; path = ../src/LuaEngine.cpp; sourceTree = "<group>"; };
		491B936E24EDE1390078A2B9 /* LuaEngine.h */ = {isa = PBXFileReference; fileEncoding = 4; lastKnownFileType = sourcecode.c.h; name = LuaEngine.h; path = ../src/LuaEngine.h; sourceTree = "<group>"; };
		4994037524FD64E2005527CF /* lmem.h */ = {isa = PBXFileReference; fileEncoding = 4; lastKnownFileType = sourcecode.c.h; name = lmem.h; path = ../lua/lmem.h; sourceTree = "<group>"; };
		4994037624FD64E2005527CF /* lcode.c */ = {isa = PBXFileReference; fileEncoding = 4; lastKnownFileType = sourcecode.c.c; name = lcode.c; path = ../lua/lcode.c; sourceTree = "<group>"; };
		4994037724FD64E2005527CF /* lcode.h */ = {isa = PBXFileReference; fileEncoding = 4; lastKnownFileType = sourcecode.c.h; name = lcode.h; path = ../lua/lcode.h; sourceTree = "<group>"; };
		4994037824FD64E2005527CF /* lctype.h */ = {isa = PBXFileReference; fileEncoding = 4; lastKnownFileType = sourcecode.c.h; name = lctype.h; path = ../lua/lctype.h; sourceTree = "<group>"; };
		4994037924FD64E2005527CF /* llex.c */ = {isa = PBXFileReference; fileEncoding = 4; lastKnownFileType = sourcecode.c.c; name = llex.c; path = ../lua/llex.c; sourceTree = "<group>"; };
		4994037A24FD64E2005527CF /* lopcodes.c */ = {isa = PBXFileReference; fileEncoding = 4; lastKnownFileType = sourcecode.c.c; name = lopcodes.c; path = ../lua/lopcodes.c; sourceTree = "<group>"; };
		4994037B24FD64E2005527CF /* lstate.c */ = {isa = PBXFileReference; fileEncoding = 4; lastKnownFileType = sourcecode.c.c; name = lstate.c; path = ../lua/lstate.c; sourceTree = "<group>"; };
		4994037C24FD64E2005527CF /* ldebug.c */ = {isa = PBXFileReference; fileEncoding = 4; lastKnownFileType = sourcecode.c.c; name = ldebug.c; path = ../lua/ldebug.c; sourceTree = "<group>"; };
		4994037D24FD64E2005527CF /* lstrlib.c */ = {isa = PBXFileReference; fileEncoding = 4; lastKnownFileType = sourcecode.c.c; name = lstrlib.c; path = ../lua/lstrlib.c; sourceTree = "<group>"; };
		4994037E24FD64E2005527CF /* linit.c */ = {isa = PBXFileReference; fileEncoding = 4; lastKnownFileType = sourcecode.c.c; name = linit.c; path = ../lua/linit.c; sourceTree = "<group>"; };
		4994037F24FD64E2005527CF /* lprefix.h */ = {isa = PBXFileReference; fileEncoding = 4; lastKnownFileType = sourcecode.c.h; name = lprefix.h; path = ../lua/lprefix.h; sourceTree = "<group>"; };
		4994038024FD64E3005527CF /* lcorolib.c */ = {isa = PBXFileReference; fileEncoding = 4; lastKnownFileType = sourcecode.c.c; name = lcorolib.c; path = ../lua/lcorolib.c; sourceTree = "<group>"; };
		4994038124FD64E3005527CF /* ldebug.h */ = {isa = PBXFileReference; fileEncoding = 4; lastKnownFileType = sourcecode.c.h; name = ldebug.h; path = ../lua/ldebug.h; sourceTree = "<group>"; };
		4994038224FD64E3005527CF /* lauxlib.h */ = {isa = PBXFileReference; fileEncoding = 4; lastKnownFileType = sourcecode.c.h; name = lauxlib.h; path = ../lua/lauxlib.h; sourceTree = "<group>"; };
		4994038324FD64E3005527CF /* lua.h */ = {isa = PBXFileReference; fileEncoding = 4; lastKnownFileType = sourcecode.c.h; name = lua.h; path = ../lua/lua.h; sourceTree = "<group>"; };
		4994038424FD64E3005527CF /* lualib.h */ = {isa = PBXFileReference; fileEncoding = 4; lastKnownFileType = sourcecode.c.h; name = lualib.h; path = ../lua/lualib.h; sourceTree = "<group>"; };
		4994038524FD64E3005527CF /* llex.h */ = {isa = PBXFileReference; fileEncoding = 4; lastKnownFileType = sourcecode.c.h; name = llex.h; path = ../lua/llex.h; sourceTree = "<group>"; };
		4994038624FD64E3005527CF /* lapi.c */ = {isa = PBXFileReference; fileEncoding = 4; lastKnownFileType = sourcecode.c.c; name = lapi.c; path = ../lua/lapi.c; sourceTree = "<group>"; };
		4994038724FD64E3005527CF /* lgc.h */ = {isa = PBXFileReference; fileEncoding = 4; lastKnownFileType = sourcecode.c.h; name = lgc.h; path = ../lua/lgc.h; sourceTree = "<group>"; };
		4994038824FD64E3005527CF /* ltm.h */ = {isa = PBXFileReference; fileEncoding = 4; lastKnownFileType = sourcecode.c.h; name = ltm.h; path = ../lua/ltm.h; sourceTree = "<group>"; };
		4994038924FD64E3005527CF /* ltm.c */ = {isa = PBXFileReference; fileEncoding = 4; lastKnownFileType = sourcecode.c.c; name = ltm.c; path = ../lua/ltm.c; sourceTree = "<group>"; };
		4994038A24FD64E3005527CF /* lvm.c */ = {isa = PBXFileReference; fileEncoding = 4; lastKnownFileType = sourcecode.c.c; name = lvm.c; path = ../lua/lvm.c; sourceTree = "<group>"; };
		4994038B24FD64E3005527CF /* lobject.c */ = {isa = PBXFileReference; fileEncoding = 4; lastKnownFileType = sourcecode.c.c; name = lobject.c; path = ../lua/lobject.c; sourceTree = "<group>"; };
		4994038C24FD64E3005527CF /* ltests.h */ = {isa = PBXFileReference; fileEncoding = 4; lastKnownFileType = sourcecode.c.h; name = ltests.h; path = ../lua/ltests.h; sourceTree = "<group>"; };
		4994038D24FD64E3005527CF /* luaconf.h */ = {isa = PBXFileReference; fileEncoding = 4; lastKnownFileType = sourcecode.c.h; name = luaconf.h; path = ../lua/luaconf.h; sourceTree = "<group>"; };
		4994038E24FD64E3005527CF /* lobject.h */ = {isa = PBXFileReference; fileEncoding = 4; lastKnownFileType = sourcecode.c.h; name = lobject.h; path = ../lua/lobject.h; sourceTree = "<group>"; };
		4994038F24FD64E3005527CF /* ltablib.c */ = {isa = PBXFileReference; fileEncoding = 4; lastKnownFileType = sourcecode.c.c; name = ltablib.c; path = ../lua/ltablib.c; sourceTree = "<group>"; };
		4994039024FD64E3005527CF /* lparser.c */ = {isa = PBXFileReference; fileEncoding = 4; lastKnownFileType = sourcecode.c.c; name = lparser.c; path = ../lua/lparser.c; sourceTree = "<group>"; };
		4994039124FD64E3005527CF /* lutf8lib.c */ = {isa = PBXFileReference; fileEncoding = 4; lastKnownFileType = sourcecode.c.c; name = lutf8lib.c; path = ../lua/lutf8lib.c; sourceTree = "<group>"; };
		4994039224FD64E4005527CF /* lmem.c */ = {isa = PBXFileReference; fileEncoding = 4; lastKnownFileType = sourcecode.c.c; name = lmem.c; path = ../lua/lmem.c; sourceTree = "<group>"; };
		4994039324FD64E4005527CF /* lzio.c */ = {isa = PBXFileReference; fileEncoding = 4; lastKnownFileType = sourcecode.c.c; name = lzio.c; path = ../lua/lzio.c; sourceTree = "<group>"; };
		4994039524FD64E4005527CF /* lundump.h */ = {isa = PBXFileReference; fileEncoding = 4; lastKnownFileType = sourcecode.c.h; name = lundump.h; path = ../lua/lundump.h; sourceTree = "<group>"; };
		4994039624FD64E4005527CF /* lzio.h */ = {isa = PBXFileReference; fileEncoding = 4; lastKnownFileType = sourcecode.c.h; name = lzio.h; path = ../lua/lzio.h; sourceTree = "<group>"; };
		4994039724FD64E4005527CF /* lopcodes.h */ = {isa = PBXFileReference; fileEncoding = 4; lastKnownFileType = sourcecode.c.h; name = lopcodes.h; path = ../lua/lopcodes.h; sourceTree = "<group>"; };
		4994039824FD64E4005527CF /* liolib.c */ = {isa = PBXFileReference; fileEncoding = 4; lastKnownFileType = sourcecode.c.c; name = liolib.c; path = ../lua/liolib.c; sourceTree = "<group>"; };
		4994039924FD64E4005527CF /* lbaselib.c */ = {isa = PBXFileReference; fileEncoding = 4; lastKnownFileType = sourcecode.c.c; name = lbaselib.c; path = ../lua/lbaselib.c; sourceTree = "<group>"; };
		4994039A24FD64E4005527CF /* ldo.h */ = {isa = PBXFileReference; fileEncoding = 4; lastKnownFileType = sourcecode.c.h; name = ldo.h; path = ../lua/ldo.h; sourceTree = "<group>"; };
		4994039B24FD64E4005527CF /* llimits.h */ = {isa = PBXFileReference; fileEncoding = 4; lastKnownFileType = sourcecode.c.h; name = llimits.h; path = ../lua/llimits.h; sourceTree = "<group>"; };
		4994039C24FD64E4005527CF /* lstring.h */ = {isa = PBXFileReference; fileEncoding = 4; lastKnownFileType = sourcecode.c.h; name = lstring.h; path = ../lua/lstring.h; sourceTree = "<group>"; };
		4994039D24FD64E4005527CF /* loslib.c */ = {isa = PBXFileReference; fileEncoding = 4; lastKnownFileType = sourcecode.c.c; name = loslib.c; path = ../lua/loslib.c; sourceTree = "<group>"; };
		4994039E24FD64E4005527CF /* loadlib.c */ = {isa = PBXFileReference; fileEncoding = 4; lastKnownFileType = sourcecode.c.c; name = loadlib.c; path = ../lua/loadlib.c; sourceTree = "<group>"; };
		4994039F24FD64E5005527CF /* lauxlib.c */ = {isa = PBXFileReference; fileEncoding = 4; lastKnownFileType = sourcecode.c.c; name = lauxlib.c; path = ../lua/lauxlib.c; sourceTree = "<group>"; };
		499403A024FD64E5005527CF /* lparser.h */ = {isa = PBXFileReference; fileEncoding = 4; lastKnownFileType = sourcecode.c.h; name = lparser.h; path = ../lua/lparser.h; sourceTree = "<group>"; };
		499403A124FD64E5005527CF /* lgc.c */ = {isa = PBXFileReference; fileEncoding = 4; lastKnownFileType = sourcecode.c.c; name = lgc.c; path = ../lua/lgc.c; sourceTree = "<group>"; };
		499403A224FD64E5005527CF /* lfunc.h */ = {isa = PBXFileReference; fileEncoding = 4; lastKnownFileType = sourcecode.c.h; name = lfunc.h; path = ../lua/lfunc.h; sourceTree = "<group>"; };
		499403A324FD64E5005527CF /* lstring.c */ = {isa = PBXFileReference; fileEncoding = 4; lastKnownFileType = sourcecode.c.c; name = lstring.c; path = ../lua/lstring.c; sourceTree = "<group>"; };
		499403A424FD64E5005527CF /* ljumptab.h */ = {isa = PBXFileReference; fileEncoding = 4; lastKnownFileType = sourcecode.c.h; name = ljumptab.h; path = ../lua/ljumptab.h; sourceTree = "<group>"; };
		499403A524FD64E5005527CF /* lctype.c */ = {isa = PBXFileReference; fileEncoding = 4; lastKnownFileType = sourcecode.c.c; name = lctype.c; path = ../lua/lctype.c; sourceTree = "<group>"; };
		499403A624FD64E5005527CF /* lundump.c */ = {isa = PBXFileReference; fileEncoding = 4; lastKnownFileType = sourcecode.c.c; name = lundump.c; path = ../lua/lundump.c; sourceTree = "<group>"; };
		499403A724FD64E5005527CF /* ldump.c */ = {isa = PBXFileReference; fileEncoding = 4; lastKnownFileType = sourcecode.c.c; name = ldump.c; path = ../lua/ldump.c; sourceTree = "<group>"; };
		499403A824FD64E5005527CF /* lfunc.c */ = {isa = PBXFileReference; fileEncoding = 4; lastKnownFileType = sourcecode.c.c; name = lfunc.c; path = ../lua/lfunc.c; sourceTree = "<group>"; };
		499403A924FD64E5005527CF /* lmathlib.c */ = {isa = PBXFileReference; fileEncoding = 4; lastKnownFileType = sourcecode.c.c; name = lmathlib.c; path = ../lua/lmathlib.c; sourceTree = "<group>"; };
		499403AB24FD64E6005527CF /* ltable.c */ = {isa = PBXFileReference; fileEncoding = 4; lastKnownFileType = sourcecode.c.c; name = ltable.c; path = ../lua/ltable.c; sourceTree = "<group>"; };
		499403AC24FD64E6005527CF /* lopnames.h */ = {isa = PBXFileReference; fileEncoding = 4; lastKnownFileType = sourcecode.c.h; name = lopnames.h; path = ../lua/lopnames.h; sourceTree = "<group>"; };
		499403AD24FD64E6005527CF /* lvm.h */ = {isa = PBXFileReference; fileEncoding = 4; lastKnownFileType = sourcecode.c.h; name = lvm.h; path = ../lua/lvm.h; sourceTree = "<group>"; };
		499403AE24FD64E6005527CF /* ldblib.c */ = {isa = PBXFileReference; fileEncoding = 4; lastKnownFileType = sourcecode.c.c; name = ldblib.c; path = ../lua/ldblib.c; sourceTree = "<group>"; };
		499403AF24FD64E6005527CF /* ldo.c */ = {isa = PBXFileReference; fileEncoding = 4; lastKnownFileType = sourcecode.c.c; name = ldo.c; path = ../lua/ldo.c; sourceTree = "<group>"; };
		499403B024FD64E6005527CF /* lstate.h */ = {isa = PBXFileReference; fileEncoding = 4; lastKnownFileType = sourcecode.c.h; name = lstate.h; path = ../lua/lstate.h; sourceTree = "<group>"; };
		499403B124FD64E6005527CF /* ltable.h */ = {isa = PBXFileReference; fileEncoding = 4; lastKnownFileType = sourcecode.c.h; name = ltable.h; path = ../lua/ltable.h; sourceTree = "<group>"; };
		499403B224FD64E6005527CF /* lapi.h */ = {isa = PBXFileReference; fileEncoding = 4; lastKnownFileType = sourcecode.c.h; name = lapi.h; path = ../lua/lapi.h; sourceTree = "<group>"; };
		499403F224FD6632005527CF /* libm8r.xcodeproj */ = {isa = PBXFileReference; lastKnownFileType = "wrapper.pb-project"; name = libm8r.xcodeproj; path = ../libm8r/mac/libm8r.xcodeproj; sourceTree = "<group>"; };
		499403FE24FD67EB005527CF /* timing.lua */ = {isa = PBXFileReference; lastKnownFileType = text; name = timing.lua; path = timing/timing.lua; sourceTree = "<group>"; };
		4994040324FD719C005527CF /* testLua */ = {isa = PBXFileReference; explicitFileType = "compiled.mach-o.executable"; includeInIndex = 0; path = testLua; sourceTree = BUILT_PRODUCTS_DIR; };
		4994040B24FD71FD005527CF /* main.cpp */ = {isa = PBXFileReference; fileEncoding = 4; lastKnownFileType = sourcecode.cpp.cpp; name = main.cpp; path = test/main.cpp; sourceTree = "<group>"; };
		49F2475924D45F1100D977D2 /* liblua.a */ = {isa = PBXFileReference; explicitFileType = archive.ar; includeInIndex = 0; path = liblua.a; sourceTree = BUILT_PRODUCTS_DIR; };
/* End PBXFileReference section */

/* Begin PBXFrameworksBuildPhase section */
		4994040024FD719C005527CF /* Frameworks */ = {
			isa = PBXFrameworksBuildPhase;
			buildActionMask = 2147483647;
			files = (
				4994041224FD7316005527CF /* liblibm8r.a in Frameworks */,
				4994041124FD7311005527CF /* liblua.a in Frameworks */,
			);
			runOnlyForDeploymentPostprocessing = 0;
		};
		49F2475724D45F1100D977D2 /* Frameworks */ = {
			isa = PBXFrameworksBuildPhase;
			buildActionMask = 2147483647;
			files = (
			);
			runOnlyForDeploymentPostprocessing = 0;
		};
/* End PBXFrameworksBuildPhase section */

/* Begin PBXGroup section */
		4942EA891D0C86BB00E02088 /* scripts */ = {
			isa = PBXGroup;
			children = (
				499403FD24FD67AC005527CF /* timing */,
			);
			name = scripts;
			path = ../scripts;
			sourceTree = "<group>";
		};
		4945A8791EC398B900559CD1 /* Frameworks */ = {
			isa = PBXGroup;
			children = (
			);
			name = Frameworks;
			sourceTree = "<group>";
		};
		4994037424FD64C2005527CF /* lua */ = {
			isa = PBXGroup;
			children = (
				4994038624FD64E3005527CF /* lapi.c */,
				4994039F24FD64E5005527CF /* lauxlib.c */,
				4994039924FD64E4005527CF /* lbaselib.c */,
				4994037624FD64E2005527CF /* lcode.c */,
				4994038024FD64E3005527CF /* lcorolib.c */,
				499403A524FD64E5005527CF /* lctype.c */,
				499403AE24FD64E6005527CF /* ldblib.c */,
				4994037C24FD64E2005527CF /* ldebug.c */,
				499403AF24FD64E6005527CF /* ldo.c */,
				499403A724FD64E5005527CF /* ldump.c */,
				499403A824FD64E5005527CF /* lfunc.c */,
				499403A124FD64E5005527CF /* lgc.c */,
				4994037E24FD64E2005527CF /* linit.c */,
				4994039824FD64E4005527CF /* liolib.c */,
				4994037924FD64E2005527CF /* llex.c */,
				499403A924FD64E5005527CF /* lmathlib.c */,
				4994039224FD64E4005527CF /* lmem.c */,
				4994039E24FD64E4005527CF /* loadlib.c */,
				4994038B24FD64E3005527CF /* lobject.c */,
				4994037A24FD64E2005527CF /* lopcodes.c */,
				4994039D24FD64E4005527CF /* loslib.c */,
				4994039024FD64E3005527CF /* lparser.c */,
				4994037B24FD64E2005527CF /* lstate.c */,
				499403A324FD64E5005527CF /* lstring.c */,
				4994037D24FD64E2005527CF /* lstrlib.c */,
				499403AB24FD64E6005527CF /* ltable.c */,
				4994038F24FD64E3005527CF /* ltablib.c */,
				4994038924FD64E3005527CF /* ltm.c */,
				499403A624FD64E5005527CF /* lundump.c */,
				4994039124FD64E3005527CF /* lutf8lib.c */,
				4994038A24FD64E3005527CF /* lvm.c */,
				4994039324FD64E4005527CF /* lzio.c */,
				499403B224FD64E6005527CF /* lapi.h */,
				4994038224FD64E3005527CF /* lauxlib.h */,
				4994037724FD64E2005527CF /* lcode.h */,
				4994037824FD64E2005527CF /* lctype.h */,
				4994038124FD64E3005527CF /* ldebug.h */,
				4994039A24FD64E4005527CF /* ldo.h */,
				499403A224FD64E5005527CF /* lfunc.h */,
				4994038724FD64E3005527CF /* lgc.h */,
				499403A424FD64E5005527CF /* ljumptab.h */,
				4994038524FD64E3005527CF /* llex.h */,
				4994039B24FD64E4005527CF /* llimits.h */,
				4994037524FD64E2005527CF /* lmem.h */,
				4994038E24FD64E3005527CF /* lobject.h */,
				4994039724FD64E4005527CF /* lopcodes.h */,
				499403AC24FD64E6005527CF /* lopnames.h */,
				499403A024FD64E5005527CF /* lparser.h */,
				4994037F24FD64E2005527CF /* lprefix.h */,
				499403B024FD64E6005527CF /* lstate.h */,
				4994039C24FD64E4005527CF /* lstring.h */,
				499403B124FD64E6005527CF /* ltable.h */,
				4994038C24FD64E3005527CF /* ltests.h */,
				4994038824FD64E3005527CF /* ltm.h */,
				4994038324FD64E3005527CF /* lua.h */,
				4994038D24FD64E3005527CF /* luaconf.h */,
				4994038424FD64E3005527CF /* lualib.h */,
				4994039524FD64E4005527CF /* lundump.h */,
				499403AD24FD64E6005527CF /* lvm.h */,
				4994039624FD64E4005527CF /* lzio.h */,
			);
			name = lua;
			sourceTree = "<group>";
		};
		499403F324FD6632005527CF /* Products */ = {
			isa = PBXGroup;
			children = (
				499403F824FD6632005527CF /* liblibm8r.a */,
				499403FA24FD6632005527CF /* test */,
			);
			name = Products;
			sourceTree = "<group>";
		};
		499403FD24FD67AC005527CF /* timing */ = {
			isa = PBXGroup;
			children = (
				499403FE24FD67EB005527CF /* timing.lua */,
			);
			name = timing;
			sourceTree = "<group>";
		};
		4994040A24FD71EB005527CF /* test */ = {
			isa = PBXGroup;
			children = (
				4994040B24FD71FD005527CF /* main.cpp */,
			);
			name = test;
			sourceTree = "<group>";
		};
		49E647DF1D00B68F005F5059 = {
			isa = PBXGroup;
			children = (
				4994040A24FD71EB005527CF /* test */,
				499403F224FD6632005527CF /* libm8r.xcodeproj */,
				4994037424FD64C2005527CF /* lua */,
				49F2475D24D45F4200D977D2 /* src */,
				49E647E91D00B68F005F5059 /* Products */,
				4942EA891D0C86BB00E02088 /* scripts */,
				4945A8791EC398B900559CD1 /* Frameworks */,
			);
			sourceTree = "<group>";
		};
		49E647E91D00B68F005F5059 /* Products */ = {
			isa = PBXGroup;
			children = (
				49F2475924D45F1100D977D2 /* liblua.a */,
				4994040324FD719C005527CF /* testLua */,
			);
			name = Products;
			sourceTree = "<group>";
		};
		49F2475D24D45F4200D977D2 /* src */ = {
			isa = PBXGroup;
			children = (
				491B936D24EDE1390078A2B9 /* LuaEngine.cpp */,
				491B936E24EDE1390078A2B9 /* LuaEngine.h */,
			);
			name = src;
			sourceTree = "<group>";
		};
/* End PBXGroup section */

/* Begin PBXHeadersBuildPhase section */
		49F2475524D45F1100D977D2 /* Headers */ = {
			isa = PBXHeadersBuildPhase;
			buildActionMask = 2147483647;
			files = (
				491B937024EDE1390078A2B9 /* LuaEngine.h in Headers */,
			);
			runOnlyForDeploymentPostprocessing = 0;
		};
/* End PBXHeadersBuildPhase section */

/* Begin PBXNativeTarget section */
		4994040224FD719C005527CF /* testLua */ = {
			isa = PBXNativeTarget;
			buildConfigurationList = 4994040724FD719C005527CF /* Build configuration list for PBXNativeTarget "testLua" */;
			buildPhases = (
				499403FF24FD719C005527CF /* Sources */,
				4994040024FD719C005527CF /* Frameworks */,
				4994040124FD719C005527CF /* CopyFiles */,
			);
			buildRules = (
			);
			dependencies = (
				4994041024FD7309005527CF /* PBXTargetDependency */,
				4994040E24FD7304005527CF /* PBXTargetDependency */,
			);
			name = testLua;
			productName = test;
			productReference = 4994040324FD719C005527CF /* testLua */;
			productType = "com.apple.product-type.tool";
		};
		49F2475824D45F1100D977D2 /* lua */ = {
			isa = PBXNativeTarget;
			buildConfigurationList = 49F2475C24D45F1100D977D2 /* Build configuration list for PBXNativeTarget "lua" */;
			buildPhases = (
				49F2475524D45F1100D977D2 /* Headers */,
				49F2475624D45F1100D977D2 /* Sources */,
				49F2475724D45F1100D977D2 /* Frameworks */,
			);
			buildRules = (
			);
			dependencies = (
				499403FC24FD6687005527CF /* PBXTargetDependency */,
			);
			name = lua;
			productName = lua;
			productReference = 49F2475924D45F1100D977D2 /* liblua.a */;
			productType = "com.apple.product-type.library.static";
		};
/* End PBXNativeTarget section */

/* Begin PBXProject section */
		49E647E01D00B68F005F5059 /* Project object */ = {
			isa = PBXProject;
			attributes = {
				LastSwiftUpdateCheck = 1140;
				LastUpgradeCheck = 1110;
				ORGANIZATIONNAME = MarrinTech;
				TargetAttributes = {
					4994040224FD719C005527CF = {
						CreatedOnToolsVersion = 11.6;
						ProvisioningStyle = Automatic;
					};
					49F2475824D45F1100D977D2 = {
						CreatedOnToolsVersion = 11.6;
						ProvisioningStyle = Automatic;
					};
				};
			};
			buildConfigurationList = 49E647E31D00B68F005F5059 /* Build configuration list for PBXProject "m8rlua" */;
			compatibilityVersion = "Xcode 3.2";
			developmentRegion = en;
			hasScannedForEncodings = 0;
			knownRegions = (
				en,
				Base,
			);
			mainGroup = 49E647DF1D00B68F005F5059;
			productRefGroup = 49E647E91D00B68F005F5059 /* Products */;
			projectDirPath = "";
			projectReferences = (
				{
					ProductGroup = 499403F324FD6632005527CF /* Products */;
					ProjectRef = 499403F224FD6632005527CF /* libm8r.xcodeproj */;
				},
			);
			projectRoot = "";
			targets = (
				49F2475824D45F1100D977D2 /* lua */,
				4994040224FD719C005527CF /* testLua */,
			);
		};
/* End PBXProject section */

/* Begin PBXReferenceProxy section */
		499403F824FD6632005527CF /* liblibm8r.a */ = {
			isa = PBXReferenceProxy;
			fileType = archive.ar;
			path = liblibm8r.a;
			remoteRef = 499403F724FD6632005527CF /* PBXContainerItemProxy */;
			sourceTree = BUILT_PRODUCTS_DIR;
		};
		499403FA24FD6632005527CF /* test */ = {
			isa = PBXReferenceProxy;
			fileType = "compiled.mach-o.executable";
			path = test;
			remoteRef = 499403F924FD6632005527CF /* PBXContainerItemProxy */;
			sourceTree = BUILT_PRODUCTS_DIR;
		};
/* End PBXReferenceProxy section */

/* Begin PBXSourcesBuildPhase section */
		499403FF24FD719C005527CF /* Sources */ = {
			isa = PBXSourcesBuildPhase;
			buildActionMask = 2147483647;
			files = (
				4994040C24FD71FD005527CF /* main.cpp in Sources */,
			);
			runOnlyForDeploymentPostprocessing = 0;
		};
		49F2475624D45F1100D977D2 /* Sources */ = {
			isa = PBXSourcesBuildPhase;
			buildActionMask = 2147483647;
			files = (
				499403E624FD64E6005527CF /* lfunc.c in Sources */,
				499403C724FD64E6005527CF /* ltm.c in Sources */,
				499403EC24FD64E6005527CF /* ldblib.c in Sources */,
				499403BC24FD64E6005527CF /* linit.c in Sources */,
				499403C924FD64E6005527CF /* lobject.c in Sources */,
				499403B824FD64E6005527CF /* lopcodes.c in Sources */,
				499403D624FD64E6005527CF /* liolib.c in Sources */,
				499403CE24FD64E6005527CF /* lparser.c in Sources */,
				499403ED24FD64E6005527CF /* ldo.c in Sources */,
				499403E424FD64E6005527CF /* lundump.c in Sources */,
				499403E324FD64E6005527CF /* lctype.c in Sources */,
				499403E124FD64E6005527CF /* lstring.c in Sources */,
				499403CF24FD64E6005527CF /* lutf8lib.c in Sources */,
				499403BB24FD64E6005527CF /* lstrlib.c in Sources */,
				499403E724FD64E6005527CF /* lmathlib.c in Sources */,
				499403B724FD64E6005527CF /* llex.c in Sources */,
				499403DB24FD64E6005527CF /* loslib.c in Sources */,
				499403DD24FD64E6005527CF /* lauxlib.c in Sources */,
				499403F124FD65EB005527CF /* LuaEngine.cpp in Sources */,
				499403CD24FD64E6005527CF /* ltablib.c in Sources */,
				499403DC24FD64E6005527CF /* loadlib.c in Sources */,
				499403D724FD64E6005527CF /* lbaselib.c in Sources */,
				499403E524FD64E6005527CF /* ldump.c in Sources */,
				499403E924FD64E6005527CF /* ltable.c in Sources */,
				499403D024FD64E6005527CF /* lmem.c in Sources */,
				499403C424FD64E6005527CF /* lapi.c in Sources */,
				499403B424FD64E6005527CF /* lcode.c in Sources */,
				499403BE24FD64E6005527CF /* lcorolib.c in Sources */,
				499403C824FD64E6005527CF /* lvm.c in Sources */,
				499403BA24FD64E6005527CF /* ldebug.c in Sources */,
				499403DF24FD64E6005527CF /* lgc.c in Sources */,
				499403B924FD64E6005527CF /* lstate.c in Sources */,
				499403D124FD64E6005527CF /* lzio.c in Sources */,
			);
			runOnlyForDeploymentPostprocessing = 0;
		};
/* End PBXSourcesBuildPhase section */

/* Begin PBXTargetDependency section */
		499403FC24FD6687005527CF /* PBXTargetDependency */ = {
			isa = PBXTargetDependency;
			name = libm8r;
			targetProxy = 499403FB24FD6687005527CF /* PBXContainerItemProxy */;
		};
		4994040E24FD7304005527CF /* PBXTargetDependency */ = {
			isa = PBXTargetDependency;
			target = 49F2475824D45F1100D977D2 /* lua */;
			targetProxy = 4994040D24FD7304005527CF /* PBXContainerItemProxy */;
		};
		4994041024FD7309005527CF /* PBXTargetDependency */ = {
			isa = PBXTargetDependency;
			name = libm8r;
			targetProxy = 4994040F24FD7309005527CF /* PBXContainerItemProxy */;
		};
/* End PBXTargetDependency section */

/* Begin XCBuildConfiguration section */
		4994040824FD719C005527CF /* Debug */ = {
			isa = XCBuildConfiguration;
			buildSettings = {
				CLANG_ANALYZER_NUMBER_OBJECT_CONVERSION = YES_AGGRESSIVE;
				CLANG_CXX_LANGUAGE_STANDARD = "gnu++14";
				CLANG_ENABLE_OBJC_WEAK = YES;
				CLANG_WARN_DOCUMENTATION_COMMENTS = YES;
				CLANG_WARN_UNGUARDED_AVAILABILITY = YES_AGGRESSIVE;
				CODE_SIGN_STYLE = Automatic;
				GCC_C_LANGUAGE_STANDARD = gnu11;
				MACOSX_DEPLOYMENT_TARGET = 10.15;
				MTL_ENABLE_DEBUG_INFO = INCLUDE_SOURCE;
				MTL_FAST_MATH = YES;
				PRODUCT_NAME = "$(TARGET_NAME)";
				USER_HEADER_SEARCH_PATHS = "$(BUILT_PRODUCTS_DIR)/usr/local/include";
			};
			name = Debug;
		};
		4994040924FD719C005527CF /* Release */ = {
			isa = XCBuildConfiguration;
			buildSettings = {
				CLANG_ANALYZER_NUMBER_OBJECT_CONVERSION = YES_AGGRESSIVE;
				CLANG_CXX_LANGUAGE_STANDARD = "gnu++14";
				CLANG_ENABLE_OBJC_WEAK = YES;
				CLANG_WARN_DOCUMENTATION_COMMENTS = YES;
				CLANG_WARN_UNGUARDED_AVAILABILITY = YES_AGGRESSIVE;
				CODE_SIGN_STYLE = Automatic;
				GCC_C_LANGUAGE_STANDARD = gnu11;
				MACOSX_DEPLOYMENT_TARGET = 10.15;
				MTL_FAST_MATH = YES;
				PRODUCT_NAME = "$(TARGET_NAME)";
				USER_HEADER_SEARCH_PATHS = "$(BUILT_PRODUCTS_DIR)/usr/local/include";
			};
			name = Release;
		};
		49E647ED1D00B68F005F5059 /* Debug */ = {
			isa = XCBuildConfiguration;
			buildSettings = {
				ALWAYS_SEARCH_USER_PATHS = NO;
				ASSETCATALOG_COMPRESSION = lossless;
				CLANG_ANALYZER_LOCALIZABILITY_NONLOCALIZED = YES;
				CLANG_ANALYZER_NONNULL = YES;
				CLANG_CXX_LANGUAGE_STANDARD = "gnu++0x";
				CLANG_CXX_LIBRARY = "libc++";
				CLANG_ENABLE_MODULES = YES;
				CLANG_ENABLE_OBJC_ARC = YES;
				CLANG_WARN_BLOCK_CAPTURE_AUTORELEASING = YES;
				CLANG_WARN_BOOL_CONVERSION = YES;
				CLANG_WARN_COMMA = YES;
				CLANG_WARN_CONSTANT_CONVERSION = YES;
				CLANG_WARN_DEPRECATED_OBJC_IMPLEMENTATIONS = YES;
				CLANG_WARN_DIRECT_OBJC_ISA_USAGE = YES_ERROR;
				CLANG_WARN_EMPTY_BODY = YES;
				CLANG_WARN_ENUM_CONVERSION = YES;
				CLANG_WARN_INFINITE_RECURSION = YES;
				CLANG_WARN_INT_CONVERSION = YES;
				CLANG_WARN_NON_LITERAL_NULL_CONVERSION = YES;
				CLANG_WARN_OBJC_IMPLICIT_RETAIN_SELF = YES;
				CLANG_WARN_OBJC_LITERAL_CONVERSION = YES;
				CLANG_WARN_OBJC_ROOT_CLASS = YES_ERROR;
				CLANG_WARN_RANGE_LOOP_ANALYSIS = YES;
				CLANG_WARN_STRICT_PROTOTYPES = YES;
				CLANG_WARN_SUSPICIOUS_MOVE = YES;
				CLANG_WARN_UNREACHABLE_CODE = YES;
				CLANG_WARN__DUPLICATE_METHOD_MATCH = YES;
				CODE_SIGN_IDENTITY = "-";
				COPY_PHASE_STRIP = NO;
				DEBUG_INFORMATION_FORMAT = dwarf;
				ENABLE_STRICT_OBJC_MSGSEND = YES;
				ENABLE_TESTABILITY = YES;
				GCC_C_LANGUAGE_STANDARD = gnu99;
				GCC_DYNAMIC_NO_PIC = NO;
				GCC_NO_COMMON_BLOCKS = YES;
				GCC_OPTIMIZATION_LEVEL = 0;
				GCC_PREPROCESSOR_DEFINITIONS = (
					"DEBUG=1",
					"$(inherited)",
				);
				GCC_WARN_64_TO_32_BIT_CONVERSION = YES;
				GCC_WARN_ABOUT_RETURN_TYPE = YES_ERROR;
				GCC_WARN_UNDECLARED_SELECTOR = YES;
				GCC_WARN_UNINITIALIZED_AUTOS = YES_AGGRESSIVE;
				GCC_WARN_UNUSED_FUNCTION = YES;
				GCC_WARN_UNUSED_VARIABLE = YES;
				MACOSX_DEPLOYMENT_TARGET = 10.11;
				MTL_ENABLE_DEBUG_INFO = YES;
				ONLY_ACTIVE_ARCH = YES;
				SDKROOT = macosx;
			};
			name = Debug;
		};
		49E647EE1D00B68F005F5059 /* Release */ = {
			isa = XCBuildConfiguration;
			buildSettings = {
				ALWAYS_SEARCH_USER_PATHS = NO;
				ASSETCATALOG_COMPRESSION = "respect-asset-catalog";
				CLANG_ANALYZER_LOCALIZABILITY_NONLOCALIZED = YES;
				CLANG_ANALYZER_NONNULL = YES;
				CLANG_CXX_LANGUAGE_STANDARD = "gnu++0x";
				CLANG_CXX_LIBRARY = "libc++";
				CLANG_ENABLE_MODULES = YES;
				CLANG_ENABLE_OBJC_ARC = YES;
				CLANG_WARN_BLOCK_CAPTURE_AUTORELEASING = YES;
				CLANG_WARN_BOOL_CONVERSION = YES;
				CLANG_WARN_COMMA = YES;
				CLANG_WARN_CONSTANT_CONVERSION = YES;
				CLANG_WARN_DEPRECATED_OBJC_IMPLEMENTATIONS = YES;
				CLANG_WARN_DIRECT_OBJC_ISA_USAGE = YES_ERROR;
				CLANG_WARN_EMPTY_BODY = YES;
				CLANG_WARN_ENUM_CONVERSION = YES;
				CLANG_WARN_INFINITE_RECURSION = YES;
				CLANG_WARN_INT_CONVERSION = YES;
				CLANG_WARN_NON_LITERAL_NULL_CONVERSION = YES;
				CLANG_WARN_OBJC_IMPLICIT_RETAIN_SELF = YES;
				CLANG_WARN_OBJC_LITERAL_CONVERSION = YES;
				CLANG_WARN_OBJC_ROOT_CLASS = YES_ERROR;
				CLANG_WARN_RANGE_LOOP_ANALYSIS = YES;
				CLANG_WARN_STRICT_PROTOTYPES = YES;
				CLANG_WARN_SUSPICIOUS_MOVE = YES;
				CLANG_WARN_UNREACHABLE_CODE = YES;
				CLANG_WARN__DUPLICATE_METHOD_MATCH = YES;
				CODE_SIGN_IDENTITY = "-";
				COPY_PHASE_STRIP = NO;
				DEBUG_INFORMATION_FORMAT = "dwarf-with-dsym";
				ENABLE_NS_ASSERTIONS = NO;
				ENABLE_STRICT_OBJC_MSGSEND = YES;
				GCC_C_LANGUAGE_STANDARD = gnu99;
				GCC_NO_COMMON_BLOCKS = YES;
				GCC_PREPROCESSOR_DEFINITIONS = NDEBUG;
				GCC_WARN_64_TO_32_BIT_CONVERSION = YES;
				GCC_WARN_ABOUT_RETURN_TYPE = YES_ERROR;
				GCC_WARN_UNDECLARED_SELECTOR = YES;
				GCC_WARN_UNINITIALIZED_AUTOS = YES_AGGRESSIVE;
				GCC_WARN_UNUSED_FUNCTION = YES;
				GCC_WARN_UNUSED_VARIABLE = YES;
				MACOSX_DEPLOYMENT_TARGET = 10.11;
				MTL_ENABLE_DEBUG_INFO = NO;
				SDKROOT = macosx;
			};
			name = Release;
		};
		49F2475A24D45F1100D977D2 /* Debug */ = {
			isa = XCBuildConfiguration;
			buildSettings = {
				CLANG_ANALYZER_NUMBER_OBJECT_CONVERSION = YES_AGGRESSIVE;
				CLANG_CXX_LANGUAGE_STANDARD = "gnu++14";
				CLANG_ENABLE_OBJC_WEAK = YES;
				CLANG_WARN_DOCUMENTATION_COMMENTS = YES;
				CLANG_WARN_UNGUARDED_AVAILABILITY = YES_AGGRESSIVE;
				CODE_SIGN_STYLE = Automatic;
				EXECUTABLE_PREFIX = lib;
				GCC_C_LANGUAGE_STANDARD = gnu11;
				GCC_WARN_INHIBIT_ALL_WARNINGS = YES;
				MACOSX_DEPLOYMENT_TARGET = 10.15;
				MTL_ENABLE_DEBUG_INFO = INCLUDE_SOURCE;
				MTL_FAST_MATH = YES;
				OTHER_CFLAGS = "-DLUA_USE_MACOSX";
				PRODUCT_NAME = "$(TARGET_NAME)";
				SKIP_INSTALL = YES;
				USER_HEADER_SEARCH_PATHS = "$(BUILT_PRODUCTS_DIR)/usr/local/include";
			};
			name = Debug;
		};
		49F2475B24D45F1100D977D2 /* Release */ = {
			isa = XCBuildConfiguration;
			buildSettings = {
				CLANG_ANALYZER_NUMBER_OBJECT_CONVERSION = YES_AGGRESSIVE;
				CLANG_CXX_LANGUAGE_STANDARD = "gnu++14";
				CLANG_ENABLE_OBJC_WEAK = YES;
				CLANG_WARN_DOCUMENTATION_COMMENTS = YES;
				CLANG_WARN_UNGUARDED_AVAILABILITY = YES_AGGRESSIVE;
				CODE_SIGN_STYLE = Automatic;
				EXECUTABLE_PREFIX = lib;
				GCC_C_LANGUAGE_STANDARD = gnu11;
				GCC_WARN_INHIBIT_ALL_WARNINGS = YES;
				MACOSX_DEPLOYMENT_TARGET = 10.15;
				MTL_FAST_MATH = YES;
				OTHER_CFLAGS = "-DLUA_USE_MACOSX";
				PRODUCT_NAME = "$(TARGET_NAME)";
				SKIP_INSTALL = YES;
				USER_HEADER_SEARCH_PATHS = "$(BUILT_PRODUCTS_DIR)/usr/local/include";
			};
			name = Release;
		};
/* End XCBuildConfiguration section */

/* Begin XCConfigurationList section */
		4994040724FD719C005527CF /* Build configuration list for PBXNativeTarget "testLua" */ = {
			isa = XCConfigurationList;
			buildConfigurations = (
				4994040824FD719C005527CF /* Debug */,
				4994040924FD719C005527CF /* Release */,
			);
			defaultConfigurationIsVisible = 0;
			defaultConfigurationName = Release;
		};
		49E647E31D00B68F005F5059 /* Build configuration list for PBXProject "m8rlua" */ = {
			isa = XCConfigurationList;
			buildConfigurations = (
				49E647ED1D00B68F005F5059 /* Debug */,
				49E647EE1D00B68F005F5059 /* Release */,
			);
			defaultConfigurationIsVisible = 0;
			defaultConfigurationName = Release;
		};
		49F2475C24D45F1100D977D2 /* Build configuration list for PBXNativeTarget "lua" */ = {
			isa = XCConfigurationList;
			buildConfigurations = (
				49F2475A24D45F1100D977D2 /* Debug */,
				49F2475B24D45F1100D977D2 /* Release */,
			);
			defaultConfigurationIsVisible = 0;
			defaultConfigurationName = Release;
		};
/* End XCConfigurationList section */
	};
	rootObject = 49E647E01D00B68F005F5059 /* Project object */;
}
